github.com/go-chi/chi/v5 v5.1.0 h1:acVI1TYaD+hhedDJ3r54HyA6sExp3HfXq7QWEEY/xMw=
github.com/go-chi/chi/v5 v5.1.0/go.mod h1:DslCQbL2OYiznFReuXYUmQ2hGd1aDpCnlMNITLSKoi8=
github.com/graphql-go/graphql v0.8.1 h1:p7/Ou/WpmulocJeEx7wjQy611rtXGQaAcXGqanuMMgc=
github.com/graphql-go/graphql v0.8.1/go.mod h1:nKiHzRM0qopJEwCITUuIsxk9PlVlwIiiI8pnJEhordQ=
github.com/graphql-go/handler v0.2.3 h1:CANh8WPnl5M9uA25c2GBhPqJhE53Fg0Iue/fRNla71E=
github.com/graphql-go/handler v0.2.3/go.mod h1:leLF6RpV5uZMN1CdImAxuiayrYYhOk33bZciaUGaXeU=
